
Microsoft Visual Studio Solution File, Format Version 12.00
# Visual Studio Version 16
VisualStudioVersion = 16.0.33423.256
MinimumVisualStudioVersion = 10.0.40219.1
Project("{FAE04EC0-301F-11D3-BF4B-00C04F79EFBC}") = "ClassAdv3-2", "ClassAdv3-2.csproj", "{08F877D2-A9A3-4A80-A15F-5D24139126AE}"
EndProject
Global
	GlobalSection(SolutionConfigurationPlatforms) = preSolution
		Debug|Any CPU = Debug|Any CPU
		Release|Any CPU = Release|Any CPU
	EndGlobalSection
	GlobalSection(ProjectConfigurationPlatforms) = postSolution
		{08F877D2-A9A3-4A80-A15F-5D24139126AE}.Debug|Any CPU.ActiveCfg = Debug|Any CPU
		{08F877D2-A9A3-4A80-A15F-5D24139126AE}.Debug|Any CPU.Build.0 = Debug|Any CPU
		{08F877D2-A9A3-4A80-A15F-5D24139126AE}.Release|Any CPU.ActiveCfg = Release|Any CPU
		{08F877D2-A9A3-4A80-A15F-5D24139126AE}.Release|Any CPU.Build.0 = Release|Any CPU
	EndGlobalSection
	GlobalSection(SolutionProperties) = preSolution
		HideSolutionNode = FALSE
	EndGlobalSection
	GlobalSection(ExtensibilityGlobals) = postSolution
		SolutionGuid = {DC0B3544-8FD4-4B1E-A3F3-AD67DBFC9797}
	EndGlobalSection
EndGlobal
